
Microsoft Visual Studio Solution File, Format Version 12.00
# Visual Studio Version 17
VisualStudioVersion = 17.8.34330.188
MinimumVisualStudioVersion = 10.0.40219.1
Project("{9A19103F-16F7-4668-BE54-9A1E7A4F7556}") = "WebAPI_Users", "WebAPI_Users.csproj", "{F3624F4D-C9CD-409D-AC58-F66861DBC53B}"
EndProject
Global
	GlobalSection(SolutionConfigurationPlatforms) = preSolution
		Debug|Any CPU = Debug|Any CPU
		Release|Any CPU = Release|Any CPU
	EndGlobalSection
	GlobalSection(ProjectConfigurationPlatforms) = postSolution
		{F3624F4D-C9CD-409D-AC58-F66861DBC53B}.Debug|Any CPU.ActiveCfg = Debug|Any CPU
		{F3624F4D-C9CD-409D-AC58-F66861DBC53B}.Debug|Any CPU.Build.0 = Debug|Any CPU
		{F3624F4D-C9CD-409D-AC58-F66861DBC53B}.Release|Any CPU.ActiveCfg = Release|Any CPU
		{F3624F4D-C9CD-409D-AC58-F66861DBC53B}.Release|Any CPU.Build.0 = Release|Any CPU
	EndGlobalSection
	GlobalSection(SolutionProperties) = preSolution
		HideSolutionNode = FALSE
	EndGlobalSection
	GlobalSection(ExtensibilityGlobals) = postSolution
		SolutionGuid = {DCD30B9B-078C-4121-B74B-4E7FF36D9F93}
	EndGlobalSection
EndGlobal
